
Microsoft Visual Studio Solution File, Format Version 11.00
# Visual Studio 2010
Project("{FAE04EC0-301F-11D3-BF4B-00C04F79EFBC}") = "SportsStore.Domain", "SportsStore.Domain\SportsStore.Domain.csproj", "{0466446F-BD5A-4657-97B4-F5B735033A53}"
EndProject
Project("{FAE04EC0-301F-11D3-BF4B-00C04F79EFBC}") = "SportsStore.WebUI", "SportsStore.WebUI\SportsStore.WebUI.csproj", "{27738A18-4884-49D7-85CE-7B8EAFCF7949}"
	ProjectSection(ProjectDependencies) = postProject
		{0466446F-BD5A-4657-97B4-F5B735033A53} = {0466446F-BD5A-4657-97B4-F5B735033A53}
	EndProjectSection
EndProject
Project("{FAE04EC0-301F-11D3-BF4B-00C04F79EFBC}") = "SportsStore.UnitTests", "SportsStore.UnitTests\SportsStore.UnitTests.csproj", "{DE62E0A4-0B50-4744-94D7-E0612F67573C}"
EndProject
Project("{2150E333-8FDC-42A3-9474-1A3956D46DE8}") = "Solution Items", "Solution Items", "{9BC74FCA-A253-4519-A4C4-279C567FB143}"
	ProjectSection(SolutionItems) = preProject
		Local.testsettings = Local.testsettings
		SportsStore.vsmdi = SportsStore.vsmdi
		TraceAndTestImpact.testsettings = TraceAndTestImpact.testsettings
	EndProjectSection
EndProject
Project("{2150E333-8FDC-42A3-9474-1A3956D46DE8}") = ".nuget", ".nuget", "{F0854B51-FFBC-4839-9AAE-8F932BCBFBE0}"
	ProjectSection(SolutionItems) = preProject
		.nuget\NuGet.Config = .nuget\NuGet.Config
		.nuget\NuGet.exe = .nuget\NuGet.exe
		.nuget\NuGet.targets = .nuget\NuGet.targets
	EndProjectSection
EndProject
Global
	GlobalSection(TestCaseManagementSettings) = postSolution
		CategoryFile = SportsStore.vsmdi
	EndGlobalSection
	GlobalSection(SolutionConfigurationPlatforms) = preSolution
		Debug|Any CPU = Debug|Any CPU
		Release|Any CPU = Release|Any CPU
	EndGlobalSection
	GlobalSection(ProjectConfigurationPlatforms) = postSolution
		{0466446F-BD5A-4657-97B4-F5B735033A53}.Debug|Any CPU.ActiveCfg = Debug|Any CPU
		{0466446F-BD5A-4657-97B4-F5B735033A53}.Debug|Any CPU.Build.0 = Debug|Any CPU
		{0466446F-BD5A-4657-97B4-F5B735033A53}.Release|Any CPU.ActiveCfg = Release|Any CPU
		{0466446F-BD5A-4657-97B4-F5B735033A53}.Release|Any CPU.Build.0 = Release|Any CPU
		{27738A18-4884-49D7-85CE-7B8EAFCF7949}.Debug|Any CPU.ActiveCfg = Debug|Any CPU
		{27738A18-4884-49D7-85CE-7B8EAFCF7949}.Debug|Any CPU.Build.0 = Debug|Any CPU
		{27738A18-4884-49D7-85CE-7B8EAFCF7949}.Release|Any CPU.ActiveCfg = Release|Any CPU
		{27738A18-4884-49D7-85CE-7B8EAFCF7949}.Release|Any CPU.Build.0 = Release|Any CPU
		{DE62E0A4-0B50-4744-94D7-E0612F67573C}.Debug|Any CPU.ActiveCfg = Debug|Any CPU
		{DE62E0A4-0B50-4744-94D7-E0612F67573C}.Debug|Any CPU.Build.0 = Debug|Any CPU
		{DE62E0A4-0B50-4744-94D7-E0612F67573C}.Release|Any CPU.ActiveCfg = Release|Any CPU
		{DE62E0A4-0B50-4744-94D7-E0612F67573C}.Release|Any CPU.Build.0 = Release|Any CPU
	EndGlobalSection
	GlobalSection(SolutionProperties) = preSolution
		HideSolutionNode = FALSE
	EndGlobalSection
EndGlobal
